// !$*UTF8*$!
{
	archiveVersion = 1;
	classes = {
	};
	objectVersion = 46;
	objects = {

/* Begin PBXBuildFile section */
		55ACBDB91D70915A00ABE315 /* AppDelegate.swift in Sources */ = {isa = PBXBuildFile; fileRef = 55ACBDB81D70915A00ABE315 /* AppDelegate.swift */; };
		55ACBDBB1D70915A00ABE315 /* ViewController.swift in Sources */ = {isa = PBXBuildFile; fileRef = 55ACBDBA1D70915A00ABE315 /* ViewController.swift */; };
		55ACBDBE1D70915A00ABE315 /* Main.storyboard in Resources */ = {isa = PBXBuildFile; fileRef = 55ACBDBC1D70915A00ABE315 /* Main.storyboard */; };
		55ACBDC01D70915A00ABE315 /* Assets.xcassets in Resources */ = {isa = PBXBuildFile; fileRef = 55ACBDBF1D70915A00ABE315 /* Assets.xcassets */; };
		55ACBDC31D70915A00ABE315 /* LaunchScreen.storyboard in Resources */ = {isa = PBXBuildFile; fileRef = 55ACBDC11D70915A00ABE315 /* LaunchScreen.storyboard */; };
/* End PBXBuildFile section */

/* Begin PBXFileReference section */
		55ACBDB51D70915A00ABE315 /* TestIt.app */ = {isa = PBXFileReference; explicitFileType = wrapper.application; includeInIndex = 0; path = TestIt.app; sourceTree = BUILT_PRODUCTS_DIR; };
		55ACBDB81D70915A00ABE315 /* AppDelegate.swift */ = {isa = PBXFileReference; lastKnownFileType = sourcecode.swift; path = AppDelegate.swift; sourceTree = "<group>"; };
		55ACBDBA1D70915A00ABE315 /* ViewController.swift */ = {isa = PBXFileReference; lastKnownFileType = sourcecode.swift; path = ViewController.swift; sourceTree = "<group>"; };
		55ACBDBD1D70915A00ABE315 /* Base */ = {isa = PBXFileReference; lastKnownFileType = file.storyboard; name = Base; path = Base.lproj/Main.storyboard; sourceTree = "<group>"; };
		55ACBDBF1D70915A00ABE315 /* Assets.xcassets */ = {isa = PBXFileReference; lastKnownFileType = folder.assetcatalog; path = Assets.xcassets; sourceTree = "<group>"; };
		55ACBDC21D70915A00ABE315 /* Base */ = {isa = PBXFileReference; lastKnownFileType = file.storyboard; name = Base; path = Base.lproj/LaunchScreen.storyboard; sourceTree = "<group>"; };
		55ACBDC41D70915A00ABE315 /* Info.plist */ = {isa = PBXFileReference; lastKnownFileType = text.plist.xml; path = Info.plist; sourceTree = "<group>"; };
/* End PBXFileReference section */

/* Begin PBXFrameworksBuildPhase section */
		55ACBDB21D70915A00ABE315 /* Frameworks */ = {
			isa = PBXFrameworksBuildPhase;
			buildActionMask = 2147483647;
			files = (
			);
			runOnlyForDeploymentPostprocessing = 0;
		};
/* End PBXFrameworksBuildPhase section */

/* Begin PBXGroup section */
		55ACBDAC1D70915A00ABE315 = {
			isa = PBXGroup;
			children = (
				55ACBDB71D70915A00ABE315 /* TestIt */,
				55ACBDB61D70915A00ABE315 /* Products */,
			);
			sourceTree = "<group>";
		};
		55ACBDB61D70915A00ABE315 /* Products */ = {
			isa = PBXGroup;
			children = (
				55ACBDB51D70915A00ABE315 /* TestIt.app */,
			);
			name = Products;
			sourceTree = "<group>";
		};
		55ACBDB71D70915A00ABE315 /* TestIt */ = {
			isa = PBXGroup;
			children = (
				55ACBDB81D70915A00ABE315 /* AppDelegate.swift */,
				55ACBDBA1D70915A00ABE315 /* ViewController.swift */,
				55ACBDBC1D70915A00ABE315 /* Main.storyboard */,
				55ACBDBF1D70915A00ABE315 /* Assets.xcassets */,
				55ACBDC11D70915A00ABE315 /* LaunchScreen.storyboard */,
				55ACBDC41D70915A00ABE315 /* Info.plist */,
			);
			path = TestIt;
			sourceTree = "<group>";
		};
/* End PBXGroup section */

/* Begin PBXNativeTarget section */
		55ACBDB41D70915A00ABE315 /* TestIt */ = {
			isa = PBXNativeTarget;
			buildConfigurationList = 55ACBDC71D70915A00ABE315 /* Build configuration list for PBXNativeTarget "TestIt" */;
			buildPhases = (
				55ACBDB11D70915A00ABE315 /* Sources */,
				55ACBDB21D70915A00ABE315 /* Frameworks */,
				55ACBDB31D70915A00ABE315 /* Resources */,
			);
			buildRules = (
			);
			dependencies = (
			);
			name = TestIt;
			productName = TestIt;
			productReference = 55ACBDB51D70915A00ABE315 /* TestIt.app */;
			productType = "com.apple.product-type.application";
		};
/* End PBXNativeTarget section */

/* Begin PBXProject section */
		55ACBDAD1D70915A00ABE315 /* Project object */ = {
			isa = PBXProject;
			attributes = {
				LastSwiftUpdateCheck = 0730;
				LastUpgradeCheck = 0730;
				ORGANIZATIONNAME = "Angies List";
				TargetAttributes = {
					55ACBDB41D70915A00ABE315 = {
						CreatedOnToolsVersion = 7.3.1;
					};
				};
			};
			buildConfigurationList = 55ACBDB01D70915A00ABE315 /* Build configuration list for PBXProject "TestIt" */;
			compatibilityVersion = "Xcode 3.2";
			developmentRegion = English;
			hasScannedForEncodings = 0;
			knownRegions = (
				en,
				Base,
			);
			mainGroup = 55ACBDAC1D70915A00ABE315;
			productRefGroup = 55ACBDB61D70915A00ABE315 /* Products */;
			projectDirPath = "";
			projectRoot = "";
			targets = (
				55ACBDB41D70915A00ABE315 /* TestIt */,
			);
		};
/* End PBXProject section */

/* Begin PBXResourcesBuildPhase section */
		55ACBDB31D70915A00ABE315 /* Resources */ = {
			isa = PBXResourcesBuildPhase;
			buildActionMask = 2147483647;
			files = (
				55ACBDC31D70915A00ABE315 /* LaunchScreen.storyboard in Resources */,
				55ACBDC01D70915A00ABE315 /* Assets.xcassets in Resources */,
				55ACBDBE1D70915A00ABE315 /* Main.storyboard in Resources */,
			);
			runOnlyForDeploymentPostprocessing = 0;
		};
/* End PBXResourcesBuildPhase section */

/* Begin PBXSourcesBuildPhase section */
		55ACBDB11D70915A00ABE315 /* Sources */ = {
			isa = PBXSourcesBuildPhase;
			buildActionMask = 2147483647;
			files = (
				55ACBDBB1D70915A00ABE315 /* ViewController.swift in Sources */,
				55ACBDB91D70915A00ABE315 /* AppDelegate.swift in Sources */,
			);
			runOnlyForDeploymentPostprocessing = 0;
		};
/* End PBXSourcesBuildPhase section */

/* Begin PBXVariantGroup section */
		55ACBDBC1D70915A00ABE315 /* Main.storyboard */ = {
			isa = PBXVariantGroup;
			children = (
				55ACBDBD1D70915A00ABE315 /* Base */,
			);
			name = Main.storyboard;
			sourceTree = "<group>";
		};
		55ACBDC11D70915A00ABE315 /* LaunchScreen.storyboard */ = {
			isa = PBXVariantGroup;
			children = (
				55ACBDC21D70915A00ABE315 /* Base */,
			);
			name = LaunchScreen.storyboard;
			sourceTree = "<group>";
		};
/* End PBXVariantGroup section */

/* Begin XCBuildConfiguration section */
		55ACBDC51D70915A00ABE315 /* Debug */ = {
			isa = XCBuildConfiguration;
			buildSettings = {
				ALWAYS_SEARCH_USER_PATHS = NO;
				CLANG_ANALYZER_NONNULL = YES;
				CLANG_CXX_LANGUAGE_STANDARD = "gnu++0x";
				CLANG_CXX_LIBRARY = "libc++";
				CLANG_ENABLE_MODULES = YES;
				CLANG_ENABLE_OBJC_ARC = YES;
				CLANG_WARN_BOOL_CONVERSION = YES;
				CLANG_WARN_CONSTANT_CONVERSION = YES;
				CLANG_WARN_DIRECT_OBJC_ISA_USAGE = YES_ERROR;
				CLANG_WARN_EMPTY_BODY = YES;
				CLANG_WARN_ENUM_CONVERSION = YES;
				CLANG_WARN_INT_CONVERSION = YES;
				CLANG_WARN_OBJC_ROOT_CLASS = YES_ERROR;
				CLANG_WARN_UNREACHABLE_CODE = YES;
				CLANG_WARN__DUPLICATE_METHOD_MATCH = YES;
				"CODE_SIGN_IDENTITY[sdk=iphoneos*]" = "iPhone Developer";
				COPY_PHASE_STRIP = NO;
				DEBUG_INFORMATION_FORMAT = dwarf;
				ENABLE_STRICT_OBJC_MSGSEND = YES;
				ENABLE_TESTABILITY = YES;
				GCC_C_LANGUAGE_STANDARD = gnu99;
				GCC_DYNAMIC_NO_PIC = NO;
				GCC_NO_COMMON_BLOCKS = YES;
				GCC_OPTIMIZATION_LEVEL = 0;
				GCC_PREPROCESSOR_DEFINITIONS = (
					"DEBUG=1",
					"$(inherited)",
				);
				GCC_WARN_64_TO_32_BIT_CONVERSION = YES;
				GCC_WARN_ABOUT_RETURN_TYPE = YES_ERROR;
				GCC_WARN_UNDECLARED_SELECTOR = YES;
				GCC_WARN_UNINITIALIZED_AUTOS = YES_AGGRESSIVE;
				GCC_WARN_UNUSED_FUNCTION = YES;
				GCC_WARN_UNUSED_VARIABLE = YES;
				IPHONEOS_DEPLOYMENT_TARGET = 9.3;
				MTL_ENABLE_DEBUG_INFO = YES;
				ONLY_ACTIVE_ARCH = YES;
				SDKROOT = iphoneos;
				SWIFT_OPTIMIZATION_LEVEL = "-Onone";
				TARGETED_DEVICE_FAMILY = "1,2";
			};
			name = Debug;
		};
		55ACBDC61D70915A00ABE315 /* Release */ = {
			isa = XCBuildConfiguration;
			buildSettings = {
				ALWAYS_SEARCH_USER_PATHS = NO;
				CLANG_ANALYZER_NONNULL = YES;
				CLANG_CXX_LANGUAGE_STANDARD = "gnu++0x";
				CLANG_CXX_LIBRARY = "libc++";
				CLANG_ENABLE_MODULES = YES;
				CLANG_ENABLE_OBJC_ARC = YES;
				CLANG_WARN_BOOL_CONVERSION = YES;
				CLANG_WARN_CONSTANT_CONVERSION = YES;
				CLANG_WARN_DIRECT_OBJC_ISA_USAGE = YES_ERROR;
				CLANG_WARN_EMPTY_BODY = YES;
				CLANG_WARN_ENUM_CONVERSION = YES;
				CLANG_WARN_INT_CONVERSION = YES;
				CLANG_WARN_OBJC_ROOT_CLASS = YES_ERROR;
				CLANG_WARN_UNREACHABLE_CODE = YES;
				CLANG_WARN__DUPLICATE_METHOD_MATCH = YES;
				"CODE_SIGN_IDENTITY[sdk=iphoneos*]" = "iPhone Developer";
				COPY_PHASE_STRIP = NO;
				DEBUG_INFORMATION_FORMAT = "dwarf-with-dsym";
				ENABLE_NS_ASSERTIONS = NO;
				ENABLE_STRICT_OBJC_MSGSEND = YES;
				GCC_C_LANGUAGE_STANDARD = gnu99;
				GCC_NO_COMMON_BLOCKS = YES;
				GCC_WARN_64_TO_32_BIT_CONVERSION = YES;
				GCC_WARN_ABOUT_RETURN_TYPE = YES_ERROR;
				GCC_WARN_UNDECLARED_SELECTOR = YES;
				GCC_WARN_UNINITIALIZED_AUTOS = YES_AGGRESSIVE;
				GCC_WARN_UNUSED_FUNCTION = YES;
				GCC_WARN_UNUSED_VARIABLE = YES;
				IPHONEOS_DEPLOYMENT_TARGET = 9.3;
				MTL_ENABLE_DEBUG_INFO = NO;
				SDKROOT = iphoneos;
				TARGETED_DEVICE_FAMILY = "1,2";
				VALIDATE_PRODUCT = YES;
			};
			name = Release;
		};
		55ACBDC81D70915A00ABE315 /* Debug */ = {
			isa = XCBuildConfiguration;
			buildSettings = {
				ASSETCATALOG_COMPILER_APPICON_NAME = AppIcon;
				INFOPLIST_FILE = TestIt/Info.plist;
				LD_RUNPATH_SEARCH_PATHS = "$(inherited) @executable_path/Frameworks";
				PRODUCT_BUNDLE_IDENTIFIER = com.AngiesList.TestIt;
				PRODUCT_NAME = "$(TARGET_NAME)";
			};
			name = Debug;
		};
		55ACBDC91D70915A00ABE315 /* Release */ = {
			isa = XCBuildConfiguration;
			buildSettings = {
				ASSETCATALOG_COMPILER_APPICON_NAME = AppIcon;
				INFOPLIST_FILE = TestIt/Info.plist;
				LD_RUNPATH_SEARCH_PATHS = "$(inherited) @executable_path/Frameworks";
				PRODUCT_BUNDLE_IDENTIFIER = com.AngiesList.TestIt;
				PRODUCT_NAME = "$(TARGET_NAME)";
			};
			name = Release;
		};
/* End XCBuildConfiguration section */

/* Begin XCConfigurationList section */
		55ACBDB01D70915A00ABE315 /* Build configuration list for PBXProject "TestIt" */ = {
			isa = XCConfigurationList;
			buildConfigurations = (
				55ACBDC51D70915A00ABE315 /* Debug */,
				55ACBDC61D70915A00ABE315 /* Release */,
			);
			defaultConfigurationIsVisible = 0;
			defaultConfigurationName = Release;
		};
		55ACBDC71D70915A00ABE315 /* Build configuration list for PBXNativeTarget "TestIt" */ = {
			isa = XCConfigurationList;
			buildConfigurations = (
				55ACBDC81D70915A00ABE315 /* Debug */,
				55ACBDC91D70915A00ABE315 /* Release */,
			);
			defaultConfigurationIsVisible = 0;
		};
/* End XCConfigurationList section */
	};
	rootObject = 55ACBDAD1D70915A00ABE315 /* Project object */;
}
